
Microsoft Visual Studio Solution File, Format Version 12.00
Project("{FAE04EC0-301F-11D3-BF4B-00C04F79EFBC}") = "ArtemisNetClient.UnitTests", "test\ArtemisNetClient.UnitTests\ArtemisNetClient.UnitTests.csproj", "{042B0533-6AEA-4353-8723-CEFFFCB78398}"
EndProject
Project("{FAE04EC0-301F-11D3-BF4B-00C04F79EFBC}") = "ArtemisNetClient", "src\ArtemisNetClient\ArtemisNetClient.csproj", "{FECF1F2E-2DD5-40FE-970E-B0F1BB8152E9}"
EndProject
Project("{FAE04EC0-301F-11D3-BF4B-00C04F79EFBC}") = "ArtemisNetClient.IntegrationTests", "test\ArtemisNetClient.IntegrationTests\ArtemisNetClient.IntegrationTests.csproj", "{78611D83-43E6-447B-814C-C73289AEDA30}"
EndProject
Project("{FAE04EC0-301F-11D3-BF4B-00C04F79EFBC}") = "ArtemisNetClient.TestUtils", "test\ArtemisNetClient.TestUtils\ArtemisNetClient.TestUtils.csproj", "{850CFBD1-9BD7-447D-988B-2742F217DA00}"
EndProject
Project("{2150E333-8FDC-42A3-9474-1A3956D46DE8}") = "test", "test", "{4B33FA85-AAA6-4363-9C46-C5045A96E975}"
EndProject
Project("{2150E333-8FDC-42A3-9474-1A3956D46DE8}") = "benchmarks", "benchmarks", "{31102C89-C76C-48F9-B41A-8A9F84D07A94}"
EndProject
Project("{FAE04EC0-301F-11D3-BF4B-00C04F79EFBC}") = "PingPong", "benchmark\PingPong\PingPong.csproj", "{546D2DEF-3AE8-4ED8-B11B-B1A71E96D04C}"
EndProject
Project("{FAE04EC0-301F-11D3-BF4B-00C04F79EFBC}") = "ArtemisNetClient.Extensions.DependencyInjection", "src\ArtemisNetClient.Extensions.DependencyInjection\ArtemisNetClient.Extensions.DependencyInjection.csproj", "{A7F9D6F0-AAA2-43DC-A220-E1E6CC9AAE4C}"
EndProject
Project("{FAE04EC0-301F-11D3-BF4B-00C04F79EFBC}") = "ArtemisNetClient.Extensions.Hosting", "src\ArtemisNetClient.Extensions.Hosting\ArtemisNetClient.Extensions.Hosting.csproj", "{5300B3C0-EAE3-4AA3-A9A4-6F2BAB6F45B7}"
EndProject
Project("{FAE04EC0-301F-11D3-BF4B-00C04F79EFBC}") = "ArtemisNetClient.Extensions.LeaderElection", "src\ArtemisNetClient.Extensions.LeaderElection\ArtemisNetClient.Extensions.LeaderElection.csproj", "{24BAF393-4497-47F6-B882-3CE9C6DE865B}"
EndProject
Project("{FAE04EC0-301F-11D3-BF4B-00C04F79EFBC}") = "ArtemisNetClient.Extensions.App.Metrics", "src\ArtemisNetClient.Extensions.App.Metrics\ArtemisNetClient.Extensions.App.Metrics.csproj", "{0C00F9F1-071A-4BA2-A320-5418FD6A94AF}"
EndProject
Project("{FAE04EC0-301F-11D3-BF4B-00C04F79EFBC}") = "ArtemisNetClient.Extensions.LeaderElection.IntegrationTests", "test\ArtemisNetClient.Extensions.LeaderElection.IntegrationTests\ArtemisNetClient.Extensions.LeaderElection.IntegrationTests.csproj", "{30F2CCBF-7C02-479D-8A1B-A88C9247A0AF}"
EndProject
Project("{FAE04EC0-301F-11D3-BF4B-00C04F79EFBC}") = "ArtemisNetClient.Extensions.App.Metrics.IntegrationTests", "test\ArtemisNetClient.Extensions.App.Metrics.IntegrationTests\ArtemisNetClient.Extensions.App.Metrics.IntegrationTests.csproj", "{F6FC1D00-00F7-4EB9-891E-6551E476193D}"
EndProject
Project("{FAE04EC0-301F-11D3-BF4B-00C04F79EFBC}") = "ArtemisNetClient.Extensions.IntegrationTests", "test\ArtemisNetClient.Extensions.IntegrationTests\ArtemisNetClient.Extensions.IntegrationTests.csproj", "{A1E318CF-19B3-4E68-A816-A3F1E6E0527E}"
EndProject
Project("{2150E333-8FDC-42A3-9474-1A3956D46DE8}") = "samples", "samples", "{6CD97B24-3150-4200-A898-0682800AEA80}"
EndProject
Project("{FAE04EC0-301F-11D3-BF4B-00C04F79EFBC}") = "ArtemisNetClient.Examples.AspNetCore", "samples\ArtemisNetClient.Examples.AspNetCore\ArtemisNetClient.Examples.AspNetCore.csproj", "{F093A645-7B08-4DAC-B0B0-470E9DEEF514}"
EndProject
Project("{FAE04EC0-301F-11D3-BF4B-00C04F79EFBC}") = "ArtemisNetClient.Examples.LeaderElection", "samples\ArtemisNetClient.Examples.LeaderElection\ArtemisNetClient.Examples.LeaderElection.csproj", "{D1EAA861-21B4-435B-A603-B6B2749A12AF}"
EndProject
Project("{FAE04EC0-301F-11D3-BF4B-00C04F79EFBC}") = "ArtemisNetClient.Testing", "src\ArtemisNetClient.Testing\ArtemisNetClient.Testing.csproj", "{37283FEA-52D5-422B-B95D-80E15795C4DF}"
EndProject
Project("{FAE04EC0-301F-11D3-BF4B-00C04F79EFBC}") = "ArtemisNetClient.Testing.UnitTests", "test\ArtemisNetClient.Testing.UnitTests\ArtemisNetClient.Testing.UnitTests.csproj", "{E0B9BC54-ECFE-4D56-8735-D5F9BE8BDF6D}"
EndProject
Project("{2150E333-8FDC-42A3-9474-1A3956D46DE8}") = "Testing", "Testing", "{6BFCCBDF-F794-470D-B551-958D6BE86CC1}"
EndProject
Project("{FAE04EC0-301F-11D3-BF4B-00C04F79EFBC}") = "Application.Tests", "samples\Testing\Application.Tests\Application.Tests.csproj", "{E227D3D7-DAA7-43E0-A30B-3586CB618419}"
EndProject
Project("{FAE04EC0-301F-11D3-BF4B-00C04F79EFBC}") = "Application", "samples\Testing\Application\Application.csproj", "{AAFC186E-C01E-4EFD-9F0C-883CEB44651D}"
EndProject
Project("{FAE04EC0-301F-11D3-BF4B-00C04F79EFBC}") = "ArtemisNetClient.Extensions.CloudEvents", "src\ArtemisNetClient.Extensions.CloudEvents\ArtemisNetClient.Extensions.CloudEvents.csproj", "{76802FFA-12CF-41E3-836A-64270150D9F1}"
EndProject
Project("{FAE04EC0-301F-11D3-BF4B-00C04F79EFBC}") = "ArtemisNetClient.Extensions.CloudEvents.UnitTests", "test\ArtemisNetClient.Extensions.CloudEvents.UnitTests\ArtemisNetClient.Extensions.CloudEvents.UnitTests.csproj", "{F8117A33-8F16-4E83-B799-A5D02B1A29CC}"
EndProject
Project("{FAE04EC0-301F-11D3-BF4B-00C04F79EFBC}") = "ArtemisNetClient.Extensions.HealthChecks", "src\ArtemisNetClient.Extensions.HealthChecks\ArtemisNetClient.Extensions.HealthChecks.csproj", "{1CDDD3D3-A55A-4010-89EE-C164F8828E8B}"
EndProject
Project("{2150E333-8FDC-42A3-9474-1A3956D46DE8}") = "build", "build", "{AD9F16D3-F1F3-46BD-B1CC-77C183112B6C}"
	ProjectSection(SolutionItems) = preProject
		README.md = README.md
		LICENSE = LICENSE
		.editorconfig = .editorconfig
		.github\workflows\build.yml = .github\workflows\build.yml
		.github\workflows\docusaurus.yml = .github\workflows\docusaurus.yml
		.github\workflows\release.yml = .github\workflows\release.yml
	EndProjectSection
EndProject
Project("{2150E333-8FDC-42A3-9474-1A3956D46DE8}") = "src", "src", "{362965AC-ABE4-4037-82F3-D2A6AE0E25EF}"
EndProject
Project("{2150E333-8FDC-42A3-9474-1A3956D46DE8}") = "src", "src", "{BC068682-A9F1-4FDA-929C-7753E352F76C}"
	ProjectSection(SolutionItems) = preProject
		src\Directory.Build.props = src\Directory.Build.props
	EndProjectSection
EndProject
Project("{2150E333-8FDC-42A3-9474-1A3956D46DE8}") = "test", "test", "{49821B3A-F3A1-493A-9FC7-F2AE69CB0771}"
	ProjectSection(SolutionItems) = preProject
		test\Directory.Build.props = test\Directory.Build.props
	EndProjectSection
EndProject
Global
	GlobalSection(SolutionConfigurationPlatforms) = preSolution
		Debug|Any CPU = Debug|Any CPU
		Debug|x64 = Debug|x64
		Debug|x86 = Debug|x86
		Release|Any CPU = Release|Any CPU
		Release|x64 = Release|x64
		Release|x86 = Release|x86
	EndGlobalSection
	GlobalSection(ProjectConfigurationPlatforms) = postSolution
		{042B0533-6AEA-4353-8723-CEFFFCB78398}.Debug|Any CPU.ActiveCfg = Debug|Any CPU
		{042B0533-6AEA-4353-8723-CEFFFCB78398}.Debug|Any CPU.Build.0 = Debug|Any CPU
		{042B0533-6AEA-4353-8723-CEFFFCB78398}.Debug|x64.ActiveCfg = Debug|Any CPU
		{042B0533-6AEA-4353-8723-CEFFFCB78398}.Debug|x64.Build.0 = Debug|Any CPU
		{042B0533-6AEA-4353-8723-CEFFFCB78398}.Debug|x86.ActiveCfg = Debug|Any CPU
		{042B0533-6AEA-4353-8723-CEFFFCB78398}.Debug|x86.Build.0 = Debug|Any CPU
		{042B0533-6AEA-4353-8723-CEFFFCB78398}.Release|Any CPU.ActiveCfg = Release|Any CPU
		{042B0533-6AEA-4353-8723-CEFFFCB78398}.Release|Any CPU.Build.0 = Release|Any CPU
		{042B0533-6AEA-4353-8723-CEFFFCB78398}.Release|x64.ActiveCfg = Release|Any CPU
		{042B0533-6AEA-4353-8723-CEFFFCB78398}.Release|x64.Build.0 = Release|Any CPU
		{042B0533-6AEA-4353-8723-CEFFFCB78398}.Release|x86.ActiveCfg = Release|Any CPU
		{042B0533-6AEA-4353-8723-CEFFFCB78398}.Release|x86.Build.0 = Release|Any CPU
		{FECF1F2E-2DD5-40FE-970E-B0F1BB8152E9}.Debug|Any CPU.ActiveCfg = Debug|Any CPU
		{FECF1F2E-2DD5-40FE-970E-B0F1BB8152E9}.Debug|Any CPU.Build.0 = Debug|Any CPU
		{FECF1F2E-2DD5-40FE-970E-B0F1BB8152E9}.Debug|x64.ActiveCfg = Debug|Any CPU
		{FECF1F2E-2DD5-40FE-970E-B0F1BB8152E9}.Debug|x64.Build.0 = Debug|Any CPU
		{FECF1F2E-2DD5-40FE-970E-B0F1BB8152E9}.Debug|x86.ActiveCfg = Debug|Any CPU
		{FECF1F2E-2DD5-40FE-970E-B0F1BB8152E9}.Debug|x86.Build.0 = Debug|Any CPU
		{FECF1F2E-2DD5-40FE-970E-B0F1BB8152E9}.Release|Any CPU.ActiveCfg = Release|Any CPU
		{FECF1F2E-2DD5-40FE-970E-B0F1BB8152E9}.Release|Any CPU.Build.0 = Release|Any CPU
		{FECF1F2E-2DD5-40FE-970E-B0F1BB8152E9}.Release|x64.ActiveCfg = Release|Any CPU
		{FECF1F2E-2DD5-40FE-970E-B0F1BB8152E9}.Release|x64.Build.0 = Release|Any CPU
		{FECF1F2E-2DD5-40FE-970E-B0F1BB8152E9}.Release|x86.ActiveCfg = Release|Any CPU
		{FECF1F2E-2DD5-40FE-970E-B0F1BB8152E9}.Release|x86.Build.0 = Release|Any CPU
		{78611D83-43E6-447B-814C-C73289AEDA30}.Debug|Any CPU.ActiveCfg = Debug|Any CPU
		{78611D83-43E6-447B-814C-C73289AEDA30}.Debug|Any CPU.Build.0 = Debug|Any CPU
		{78611D83-43E6-447B-814C-C73289AEDA30}.Debug|x64.ActiveCfg = Debug|Any CPU
		{78611D83-43E6-447B-814C-C73289AEDA30}.Debug|x64.Build.0 = Debug|Any CPU
		{78611D83-43E6-447B-814C-C73289AEDA30}.Debug|x86.ActiveCfg = Debug|Any CPU
		{78611D83-43E6-447B-814C-C73289AEDA30}.Debug|x86.Build.0 = Debug|Any CPU
		{78611D83-43E6-447B-814C-C73289AEDA30}.Release|Any CPU.ActiveCfg = Release|Any CPU
		{78611D83-43E6-447B-814C-C73289AEDA30}.Release|Any CPU.Build.0 = Release|Any CPU
		{78611D83-43E6-447B-814C-C73289AEDA30}.Release|x64.ActiveCfg = Release|Any CPU
		{78611D83-43E6-447B-814C-C73289AEDA30}.Release|x64.Build.0 = Release|Any CPU
		{78611D83-43E6-447B-814C-C73289AEDA30}.Release|x86.ActiveCfg = Release|Any CPU
		{78611D83-43E6-447B-814C-C73289AEDA30}.Release|x86.Build.0 = Release|Any CPU
		{850CFBD1-9BD7-447D-988B-2742F217DA00}.Debug|Any CPU.ActiveCfg = Debug|Any CPU
		{850CFBD1-9BD7-447D-988B-2742F217DA00}.Debug|Any CPU.Build.0 = Debug|Any CPU
		{850CFBD1-9BD7-447D-988B-2742F217DA00}.Debug|x64.ActiveCfg = Debug|Any CPU
		{850CFBD1-9BD7-447D-988B-2742F217DA00}.Debug|x64.Build.0 = Debug|Any CPU
		{850CFBD1-9BD7-447D-988B-2742F217DA00}.Debug|x86.ActiveCfg = Debug|Any CPU
		{850CFBD1-9BD7-447D-988B-2742F217DA00}.Debug|x86.Build.0 = Debug|Any CPU
		{850CFBD1-9BD7-447D-988B-2742F217DA00}.Release|Any CPU.ActiveCfg = Release|Any CPU
		{850CFBD1-9BD7-447D-988B-2742F217DA00}.Release|Any CPU.Build.0 = Release|Any CPU
		{850CFBD1-9BD7-447D-988B-2742F217DA00}.Release|x64.ActiveCfg = Release|Any CPU
		{850CFBD1-9BD7-447D-988B-2742F217DA00}.Release|x64.Build.0 = Release|Any CPU
		{850CFBD1-9BD7-447D-988B-2742F217DA00}.Release|x86.ActiveCfg = Release|Any CPU
		{850CFBD1-9BD7-447D-988B-2742F217DA00}.Release|x86.Build.0 = Release|Any CPU
		{546D2DEF-3AE8-4ED8-B11B-B1A71E96D04C}.Debug|Any CPU.ActiveCfg = Debug|Any CPU
		{546D2DEF-3AE8-4ED8-B11B-B1A71E96D04C}.Debug|Any CPU.Build.0 = Debug|Any CPU
		{546D2DEF-3AE8-4ED8-B11B-B1A71E96D04C}.Debug|x64.ActiveCfg = Debug|Any CPU
		{546D2DEF-3AE8-4ED8-B11B-B1A71E96D04C}.Debug|x64.Build.0 = Debug|Any CPU
		{546D2DEF-3AE8-4ED8-B11B-B1A71E96D04C}.Debug|x86.ActiveCfg = Debug|Any CPU
		{546D2DEF-3AE8-4ED8-B11B-B1A71E96D04C}.Debug|x86.Build.0 = Debug|Any CPU
		{546D2DEF-3AE8-4ED8-B11B-B1A71E96D04C}.Release|Any CPU.ActiveCfg = Release|Any CPU
		{546D2DEF-3AE8-4ED8-B11B-B1A71E96D04C}.Release|Any CPU.Build.0 = Release|Any CPU
		{546D2DEF-3AE8-4ED8-B11B-B1A71E96D04C}.Release|x64.ActiveCfg = Release|Any CPU
		{546D2DEF-3AE8-4ED8-B11B-B1A71E96D04C}.Release|x64.Build.0 = Release|Any CPU
		{546D2DEF-3AE8-4ED8-B11B-B1A71E96D04C}.Release|x86.ActiveCfg = Release|Any CPU
		{546D2DEF-3AE8-4ED8-B11B-B1A71E96D04C}.Release|x86.Build.0 = Release|Any CPU
		{A7F9D6F0-AAA2-43DC-A220-E1E6CC9AAE4C}.Debug|Any CPU.ActiveCfg = Debug|Any CPU
		{A7F9D6F0-AAA2-43DC-A220-E1E6CC9AAE4C}.Debug|Any CPU.Build.0 = Debug|Any CPU
		{A7F9D6F0-AAA2-43DC-A220-E1E6CC9AAE4C}.Debug|x64.ActiveCfg = Debug|Any CPU
		{A7F9D6F0-AAA2-43DC-A220-E1E6CC9AAE4C}.Debug|x64.Build.0 = Debug|Any CPU
		{A7F9D6F0-AAA2-43DC-A220-E1E6CC9AAE4C}.Debug|x86.ActiveCfg = Debug|Any CPU
		{A7F9D6F0-AAA2-43DC-A220-E1E6CC9AAE4C}.Debug|x86.Build.0 = Debug|Any CPU
		{A7F9D6F0-AAA2-43DC-A220-E1E6CC9AAE4C}.Release|Any CPU.ActiveCfg = Release|Any CPU
		{A7F9D6F0-AAA2-43DC-A220-E1E6CC9AAE4C}.Release|Any CPU.Build.0 = Release|Any CPU
		{A7F9D6F0-AAA2-43DC-A220-E1E6CC9AAE4C}.Release|x64.ActiveCfg = Release|Any CPU
		{A7F9D6F0-AAA2-43DC-A220-E1E6CC9AAE4C}.Release|x64.Build.0 = Release|Any CPU
		{A7F9D6F0-AAA2-43DC-A220-E1E6CC9AAE4C}.Release|x86.ActiveCfg = Release|Any CPU
		{A7F9D6F0-AAA2-43DC-A220-E1E6CC9AAE4C}.Release|x86.Build.0 = Release|Any CPU
		{5300B3C0-EAE3-4AA3-A9A4-6F2BAB6F45B7}.Debug|Any CPU.ActiveCfg = Debug|Any CPU
		{5300B3C0-EAE3-4AA3-A9A4-6F2BAB6F45B7}.Debug|Any CPU.Build.0 = Debug|Any CPU
		{5300B3C0-EAE3-4AA3-A9A4-6F2BAB6F45B7}.Debug|x64.ActiveCfg = Debug|Any CPU
		{5300B3C0-EAE3-4AA3-A9A4-6F2BAB6F45B7}.Debug|x64.Build.0 = Debug|Any CPU
		{5300B3C0-EAE3-4AA3-A9A4-6F2BAB6F45B7}.Debug|x86.ActiveCfg = Debug|Any CPU
		{5300B3C0-EAE3-4AA3-A9A4-6F2BAB6F45B7}.Debug|x86.Build.0 = Debug|Any CPU
		{5300B3C0-EAE3-4AA3-A9A4-6F2BAB6F45B7}.Release|Any CPU.ActiveCfg = Release|Any CPU
		{5300B3C0-EAE3-4AA3-A9A4-6F2BAB6F45B7}.Release|Any CPU.Build.0 = Release|Any CPU
		{5300B3C0-EAE3-4AA3-A9A4-6F2BAB6F45B7}.Release|x64.ActiveCfg = Release|Any CPU
		{5300B3C0-EAE3-4AA3-A9A4-6F2BAB6F45B7}.Release|x64.Build.0 = Release|Any CPU
		{5300B3C0-EAE3-4AA3-A9A4-6F2BAB6F45B7}.Release|x86.ActiveCfg = Release|Any CPU
		{5300B3C0-EAE3-4AA3-A9A4-6F2BAB6F45B7}.Release|x86.Build.0 = Release|Any CPU
		{24BAF393-4497-47F6-B882-3CE9C6DE865B}.Debug|Any CPU.ActiveCfg = Debug|Any CPU
		{24BAF393-4497-47F6-B882-3CE9C6DE865B}.Debug|Any CPU.Build.0 = Debug|Any CPU
		{24BAF393-4497-47F6-B882-3CE9C6DE865B}.Debug|x64.ActiveCfg = Debug|Any CPU
		{24BAF393-4497-47F6-B882-3CE9C6DE865B}.Debug|x64.Build.0 = Debug|Any CPU
		{24BAF393-4497-47F6-B882-3CE9C6DE865B}.Debug|x86.ActiveCfg = Debug|Any CPU
		{24BAF393-4497-47F6-B882-3CE9C6DE865B}.Debug|x86.Build.0 = Debug|Any CPU
		{24BAF393-4497-47F6-B882-3CE9C6DE865B}.Release|Any CPU.ActiveCfg = Release|Any CPU
		{24BAF393-4497-47F6-B882-3CE9C6DE865B}.Release|Any CPU.Build.0 = Release|Any CPU
		{24BAF393-4497-47F6-B882-3CE9C6DE865B}.Release|x64.ActiveCfg = Release|Any CPU
		{24BAF393-4497-47F6-B882-3CE9C6DE865B}.Release|x64.Build.0 = Release|Any CPU
		{24BAF393-4497-47F6-B882-3CE9C6DE865B}.Release|x86.ActiveCfg = Release|Any CPU
		{24BAF393-4497-47F6-B882-3CE9C6DE865B}.Release|x86.Build.0 = Release|Any CPU
		{0C00F9F1-071A-4BA2-A320-5418FD6A94AF}.Debug|Any CPU.ActiveCfg = Debug|Any CPU
		{0C00F9F1-071A-4BA2-A320-5418FD6A94AF}.Debug|Any CPU.Build.0 = Debug|Any CPU
		{0C00F9F1-071A-4BA2-A320-5418FD6A94AF}.Debug|x64.ActiveCfg = Debug|Any CPU
		{0C00F9F1-071A-4BA2-A320-5418FD6A94AF}.Debug|x64.Build.0 = Debug|Any CPU
		{0C00F9F1-071A-4BA2-A320-5418FD6A94AF}.Debug|x86.ActiveCfg = Debug|Any CPU
		{0C00F9F1-071A-4BA2-A320-5418FD6A94AF}.Debug|x86.Build.0 = Debug|Any CPU
		{0C00F9F1-071A-4BA2-A320-5418FD6A94AF}.Release|Any CPU.ActiveCfg = Release|Any CPU
		{0C00F9F1-071A-4BA2-A320-5418FD6A94AF}.Release|Any CPU.Build.0 = Release|Any CPU
		{0C00F9F1-071A-4BA2-A320-5418FD6A94AF}.Release|x64.ActiveCfg = Release|Any CPU
		{0C00F9F1-071A-4BA2-A320-5418FD6A94AF}.Release|x64.Build.0 = Release|Any CPU
		{0C00F9F1-071A-4BA2-A320-5418FD6A94AF}.Release|x86.ActiveCfg = Release|Any CPU
		{0C00F9F1-071A-4BA2-A320-5418FD6A94AF}.Release|x86.Build.0 = Release|Any CPU
		{30F2CCBF-7C02-479D-8A1B-A88C9247A0AF}.Debug|Any CPU.ActiveCfg = Debug|Any CPU
		{30F2CCBF-7C02-479D-8A1B-A88C9247A0AF}.Debug|Any CPU.Build.0 = Debug|Any CPU
		{30F2CCBF-7C02-479D-8A1B-A88C9247A0AF}.Debug|x64.ActiveCfg = Debug|Any CPU
		{30F2CCBF-7C02-479D-8A1B-A88C9247A0AF}.Debug|x64.Build.0 = Debug|Any CPU
		{30F2CCBF-7C02-479D-8A1B-A88C9247A0AF}.Debug|x86.ActiveCfg = Debug|Any CPU
		{30F2CCBF-7C02-479D-8A1B-A88C9247A0AF}.Debug|x86.Build.0 = Debug|Any CPU
		{30F2CCBF-7C02-479D-8A1B-A88C9247A0AF}.Release|Any CPU.ActiveCfg = Release|Any CPU
		{30F2CCBF-7C02-479D-8A1B-A88C9247A0AF}.Release|Any CPU.Build.0 = Release|Any CPU
		{30F2CCBF-7C02-479D-8A1B-A88C9247A0AF}.Release|x64.ActiveCfg = Release|Any CPU
		{30F2CCBF-7C02-479D-8A1B-A88C9247A0AF}.Release|x64.Build.0 = Release|Any CPU
		{30F2CCBF-7C02-479D-8A1B-A88C9247A0AF}.Release|x86.ActiveCfg = Release|Any CPU
		{30F2CCBF-7C02-479D-8A1B-A88C9247A0AF}.Release|x86.Build.0 = Release|Any CPU
		{F6FC1D00-00F7-4EB9-891E-6551E476193D}.Debug|Any CPU.ActiveCfg = Debug|Any CPU
		{F6FC1D00-00F7-4EB9-891E-6551E476193D}.Debug|Any CPU.Build.0 = Debug|Any CPU
		{F6FC1D00-00F7-4EB9-891E-6551E476193D}.Debug|x64.ActiveCfg = Debug|Any CPU
		{F6FC1D00-00F7-4EB9-891E-6551E476193D}.Debug|x64.Build.0 = Debug|Any CPU
		{F6FC1D00-00F7-4EB9-891E-6551E476193D}.Debug|x86.ActiveCfg = Debug|Any CPU
		{F6FC1D00-00F7-4EB9-891E-6551E476193D}.Debug|x86.Build.0 = Debug|Any CPU
		{F6FC1D00-00F7-4EB9-891E-6551E476193D}.Release|Any CPU.ActiveCfg = Release|Any CPU
		{F6FC1D00-00F7-4EB9-891E-6551E476193D}.Release|Any CPU.Build.0 = Release|Any CPU
		{F6FC1D00-00F7-4EB9-891E-6551E476193D}.Release|x64.ActiveCfg = Release|Any CPU
		{F6FC1D00-00F7-4EB9-891E-6551E476193D}.Release|x64.Build.0 = Release|Any CPU
		{F6FC1D00-00F7-4EB9-891E-6551E476193D}.Release|x86.ActiveCfg = Release|Any CPU
		{F6FC1D00-00F7-4EB9-891E-6551E476193D}.Release|x86.Build.0 = Release|Any CPU
		{A1E318CF-19B3-4E68-A816-A3F1E6E0527E}.Debug|Any CPU.ActiveCfg = Debug|Any CPU
		{A1E318CF-19B3-4E68-A816-A3F1E6E0527E}.Debug|Any CPU.Build.0 = Debug|Any CPU
		{A1E318CF-19B3-4E68-A816-A3F1E6E0527E}.Debug|x64.ActiveCfg = Debug|Any CPU
		{A1E318CF-19B3-4E68-A816-A3F1E6E0527E}.Debug|x64.Build.0 = Debug|Any CPU
		{A1E318CF-19B3-4E68-A816-A3F1E6E0527E}.Debug|x86.ActiveCfg = Debug|Any CPU
		{A1E318CF-19B3-4E68-A816-A3F1E6E0527E}.Debug|x86.Build.0 = Debug|Any CPU
		{A1E318CF-19B3-4E68-A816-A3F1E6E0527E}.Release|Any CPU.ActiveCfg = Release|Any CPU
		{A1E318CF-19B3-4E68-A816-A3F1E6E0527E}.Release|Any CPU.Build.0 = Release|Any CPU
		{A1E318CF-19B3-4E68-A816-A3F1E6E0527E}.Release|x64.ActiveCfg = Release|Any CPU
		{A1E318CF-19B3-4E68-A816-A3F1E6E0527E}.Release|x64.Build.0 = Release|Any CPU
		{A1E318CF-19B3-4E68-A816-A3F1E6E0527E}.Release|x86.ActiveCfg = Release|Any CPU
		{A1E318CF-19B3-4E68-A816-A3F1E6E0527E}.Release|x86.Build.0 = Release|Any CPU
		{F093A645-7B08-4DAC-B0B0-470E9DEEF514}.Debug|Any CPU.ActiveCfg = Debug|Any CPU
		{F093A645-7B08-4DAC-B0B0-470E9DEEF514}.Debug|Any CPU.Build.0 = Debug|Any CPU
		{F093A645-7B08-4DAC-B0B0-470E9DEEF514}.Debug|x64.ActiveCfg = Debug|Any CPU
		{F093A645-7B08-4DAC-B0B0-470E9DEEF514}.Debug|x64.Build.0 = Debug|Any CPU
		{F093A645-7B08-4DAC-B0B0-470E9DEEF514}.Debug|x86.ActiveCfg = Debug|Any CPU
		{F093A645-7B08-4DAC-B0B0-470E9DEEF514}.Debug|x86.Build.0 = Debug|Any CPU
		{F093A645-7B08-4DAC-B0B0-470E9DEEF514}.Release|Any CPU.ActiveCfg = Release|Any CPU
		{F093A645-7B08-4DAC-B0B0-470E9DEEF514}.Release|Any CPU.Build.0 = Release|Any CPU
		{F093A645-7B08-4DAC-B0B0-470E9DEEF514}.Release|x64.ActiveCfg = Release|Any CPU
		{F093A645-7B08-4DAC-B0B0-470E9DEEF514}.Release|x64.Build.0 = Release|Any CPU
		{F093A645-7B08-4DAC-B0B0-470E9DEEF514}.Release|x86.ActiveCfg = Release|Any CPU
		{F093A645-7B08-4DAC-B0B0-470E9DEEF514}.Release|x86.Build.0 = Release|Any CPU
		{D1EAA861-21B4-435B-A603-B6B2749A12AF}.Debug|Any CPU.ActiveCfg = Debug|Any CPU
		{D1EAA861-21B4-435B-A603-B6B2749A12AF}.Debug|Any CPU.Build.0 = Debug|Any CPU
		{D1EAA861-21B4-435B-A603-B6B2749A12AF}.Debug|x64.ActiveCfg = Debug|Any CPU
		{D1EAA861-21B4-435B-A603-B6B2749A12AF}.Debug|x64.Build.0 = Debug|Any CPU
		{D1EAA861-21B4-435B-A603-B6B2749A12AF}.Debug|x86.ActiveCfg = Debug|Any CPU
		{D1EAA861-21B4-435B-A603-B6B2749A12AF}.Debug|x86.Build.0 = Debug|Any CPU
		{D1EAA861-21B4-435B-A603-B6B2749A12AF}.Release|Any CPU.ActiveCfg = Release|Any CPU
		{D1EAA861-21B4-435B-A603-B6B2749A12AF}.Release|Any CPU.Build.0 = Release|Any CPU
		{D1EAA861-21B4-435B-A603-B6B2749A12AF}.Release|x64.ActiveCfg = Release|Any CPU
		{D1EAA861-21B4-435B-A603-B6B2749A12AF}.Release|x64.Build.0 = Release|Any CPU
		{D1EAA861-21B4-435B-A603-B6B2749A12AF}.Release|x86.ActiveCfg = Release|Any CPU
		{D1EAA861-21B4-435B-A603-B6B2749A12AF}.Release|x86.Build.0 = Release|Any CPU
		{37283FEA-52D5-422B-B95D-80E15795C4DF}.Debug|Any CPU.ActiveCfg = Debug|Any CPU
		{37283FEA-52D5-422B-B95D-80E15795C4DF}.Debug|Any CPU.Build.0 = Debug|Any CPU
		{37283FEA-52D5-422B-B95D-80E15795C4DF}.Debug|x64.ActiveCfg = Debug|Any CPU
		{37283FEA-52D5-422B-B95D-80E15795C4DF}.Debug|x64.Build.0 = Debug|Any CPU
		{37283FEA-52D5-422B-B95D-80E15795C4DF}.Debug|x86.ActiveCfg = Debug|Any CPU
		{37283FEA-52D5-422B-B95D-80E15795C4DF}.Debug|x86.Build.0 = Debug|Any CPU
		{37283FEA-52D5-422B-B95D-80E15795C4DF}.Release|Any CPU.ActiveCfg = Release|Any CPU
		{37283FEA-52D5-422B-B95D-80E15795C4DF}.Release|Any CPU.Build.0 = Release|Any CPU
		{37283FEA-52D5-422B-B95D-80E15795C4DF}.Release|x64.ActiveCfg = Release|Any CPU
		{37283FEA-52D5-422B-B95D-80E15795C4DF}.Release|x64.Build.0 = Release|Any CPU
		{37283FEA-52D5-422B-B95D-80E15795C4DF}.Release|x86.ActiveCfg = Release|Any CPU
		{37283FEA-52D5-422B-B95D-80E15795C4DF}.Release|x86.Build.0 = Release|Any CPU
		{E0B9BC54-ECFE-4D56-8735-D5F9BE8BDF6D}.Debug|Any CPU.ActiveCfg = Debug|Any CPU
		{E0B9BC54-ECFE-4D56-8735-D5F9BE8BDF6D}.Debug|Any CPU.Build.0 = Debug|Any CPU
		{E0B9BC54-ECFE-4D56-8735-D5F9BE8BDF6D}.Debug|x64.ActiveCfg = Debug|Any CPU
		{E0B9BC54-ECFE-4D56-8735-D5F9BE8BDF6D}.Debug|x64.Build.0 = Debug|Any CPU
		{E0B9BC54-ECFE-4D56-8735-D5F9BE8BDF6D}.Debug|x86.ActiveCfg = Debug|Any CPU
		{E0B9BC54-ECFE-4D56-8735-D5F9BE8BDF6D}.Debug|x86.Build.0 = Debug|Any CPU
		{E0B9BC54-ECFE-4D56-8735-D5F9BE8BDF6D}.Release|Any CPU.ActiveCfg = Release|Any CPU
		{E0B9BC54-ECFE-4D56-8735-D5F9BE8BDF6D}.Release|Any CPU.Build.0 = Release|Any CPU
		{E0B9BC54-ECFE-4D56-8735-D5F9BE8BDF6D}.Release|x64.ActiveCfg = Release|Any CPU
		{E0B9BC54-ECFE-4D56-8735-D5F9BE8BDF6D}.Release|x64.Build.0 = Release|Any CPU
		{E0B9BC54-ECFE-4D56-8735-D5F9BE8BDF6D}.Release|x86.ActiveCfg = Release|Any CPU
		{E0B9BC54-ECFE-4D56-8735-D5F9BE8BDF6D}.Release|x86.Build.0 = Release|Any CPU
		{E227D3D7-DAA7-43E0-A30B-3586CB618419}.Debug|Any CPU.ActiveCfg = Debug|Any CPU
		{E227D3D7-DAA7-43E0-A30B-3586CB618419}.Debug|Any CPU.Build.0 = Debug|Any CPU
		{E227D3D7-DAA7-43E0-A30B-3586CB618419}.Debug|x64.ActiveCfg = Debug|Any CPU
		{E227D3D7-DAA7-43E0-A30B-3586CB618419}.Debug|x64.Build.0 = Debug|Any CPU
		{E227D3D7-DAA7-43E0-A30B-3586CB618419}.Debug|x86.ActiveCfg = Debug|Any CPU
		{E227D3D7-DAA7-43E0-A30B-3586CB618419}.Debug|x86.Build.0 = Debug|Any CPU
		{E227D3D7-DAA7-43E0-A30B-3586CB618419}.Release|Any CPU.ActiveCfg = Release|Any CPU
		{E227D3D7-DAA7-43E0-A30B-3586CB618419}.Release|Any CPU.Build.0 = Release|Any CPU
		{E227D3D7-DAA7-43E0-A30B-3586CB618419}.Release|x64.ActiveCfg = Release|Any CPU
		{E227D3D7-DAA7-43E0-A30B-3586CB618419}.Release|x64.Build.0 = Release|Any CPU
		{E227D3D7-DAA7-43E0-A30B-3586CB618419}.Release|x86.ActiveCfg = Release|Any CPU
		{E227D3D7-DAA7-43E0-A30B-3586CB618419}.Release|x86.Build.0 = Release|Any CPU
		{AAFC186E-C01E-4EFD-9F0C-883CEB44651D}.Debug|Any CPU.ActiveCfg = Debug|Any CPU
		{AAFC186E-C01E-4EFD-9F0C-883CEB44651D}.Debug|Any CPU.Build.0 = Debug|Any CPU
		{AAFC186E-C01E-4EFD-9F0C-883CEB44651D}.Debug|x64.ActiveCfg = Debug|Any CPU
		{AAFC186E-C01E-4EFD-9F0C-883CEB44651D}.Debug|x64.Build.0 = Debug|Any CPU
		{AAFC186E-C01E-4EFD-9F0C-883CEB44651D}.Debug|x86.ActiveCfg = Debug|Any CPU
		{AAFC186E-C01E-4EFD-9F0C-883CEB44651D}.Debug|x86.Build.0 = Debug|Any CPU
		{AAFC186E-C01E-4EFD-9F0C-883CEB44651D}.Release|Any CPU.ActiveCfg = Release|Any CPU
		{AAFC186E-C01E-4EFD-9F0C-883CEB44651D}.Release|Any CPU.Build.0 = Release|Any CPU
		{AAFC186E-C01E-4EFD-9F0C-883CEB44651D}.Release|x64.ActiveCfg = Release|Any CPU
		{AAFC186E-C01E-4EFD-9F0C-883CEB44651D}.Release|x64.Build.0 = Release|Any CPU
		{AAFC186E-C01E-4EFD-9F0C-883CEB44651D}.Release|x86.ActiveCfg = Release|Any CPU
		{AAFC186E-C01E-4EFD-9F0C-883CEB44651D}.Release|x86.Build.0 = Release|Any CPU
		{76802FFA-12CF-41E3-836A-64270150D9F1}.Debug|Any CPU.ActiveCfg = Debug|Any CPU
		{76802FFA-12CF-41E3-836A-64270150D9F1}.Debug|Any CPU.Build.0 = Debug|Any CPU
		{76802FFA-12CF-41E3-836A-64270150D9F1}.Debug|x64.ActiveCfg = Debug|Any CPU
		{76802FFA-12CF-41E3-836A-64270150D9F1}.Debug|x64.Build.0 = Debug|Any CPU
		{76802FFA-12CF-41E3-836A-64270150D9F1}.Debug|x86.ActiveCfg = Debug|Any CPU
		{76802FFA-12CF-41E3-836A-64270150D9F1}.Debug|x86.Build.0 = Debug|Any CPU
		{76802FFA-12CF-41E3-836A-64270150D9F1}.Release|Any CPU.ActiveCfg = Release|Any CPU
		{76802FFA-12CF-41E3-836A-64270150D9F1}.Release|Any CPU.Build.0 = Release|Any CPU
		{76802FFA-12CF-41E3-836A-64270150D9F1}.Release|x64.ActiveCfg = Release|Any CPU
		{76802FFA-12CF-41E3-836A-64270150D9F1}.Release|x64.Build.0 = Release|Any CPU
		{76802FFA-12CF-41E3-836A-64270150D9F1}.Release|x86.ActiveCfg = Release|Any CPU
		{76802FFA-12CF-41E3-836A-64270150D9F1}.Release|x86.Build.0 = Release|Any CPU
		{F8117A33-8F16-4E83-B799-A5D02B1A29CC}.Debug|Any CPU.ActiveCfg = Debug|Any CPU
		{F8117A33-8F16-4E83-B799-A5D02B1A29CC}.Debug|Any CPU.Build.0 = Debug|Any CPU
		{F8117A33-8F16-4E83-B799-A5D02B1A29CC}.Debug|x64.ActiveCfg = Debug|Any CPU
		{F8117A33-8F16-4E83-B799-A5D02B1A29CC}.Debug|x64.Build.0 = Debug|Any CPU
		{F8117A33-8F16-4E83-B799-A5D02B1A29CC}.Debug|x86.ActiveCfg = Debug|Any CPU
		{F8117A33-8F16-4E83-B799-A5D02B1A29CC}.Debug|x86.Build.0 = Debug|Any CPU
		{F8117A33-8F16-4E83-B799-A5D02B1A29CC}.Release|Any CPU.ActiveCfg = Release|Any CPU
		{F8117A33-8F16-4E83-B799-A5D02B1A29CC}.Release|Any CPU.Build.0 = Release|Any CPU
		{F8117A33-8F16-4E83-B799-A5D02B1A29CC}.Release|x64.ActiveCfg = Release|Any CPU
		{F8117A33-8F16-4E83-B799-A5D02B1A29CC}.Release|x64.Build.0 = Release|Any CPU
		{F8117A33-8F16-4E83-B799-A5D02B1A29CC}.Release|x86.ActiveCfg = Release|Any CPU
		{F8117A33-8F16-4E83-B799-A5D02B1A29CC}.Release|x86.Build.0 = Release|Any CPU
		{1CDDD3D3-A55A-4010-89EE-C164F8828E8B}.Debug|Any CPU.ActiveCfg = Debug|Any CPU
		{1CDDD3D3-A55A-4010-89EE-C164F8828E8B}.Debug|Any CPU.Build.0 = Debug|Any CPU
		{1CDDD3D3-A55A-4010-89EE-C164F8828E8B}.Debug|x64.ActiveCfg = Debug|Any CPU
		{1CDDD3D3-A55A-4010-89EE-C164F8828E8B}.Debug|x64.Build.0 = Debug|Any CPU
		{1CDDD3D3-A55A-4010-89EE-C164F8828E8B}.Debug|x86.ActiveCfg = Debug|Any CPU
		{1CDDD3D3-A55A-4010-89EE-C164F8828E8B}.Debug|x86.Build.0 = Debug|Any CPU
		{1CDDD3D3-A55A-4010-89EE-C164F8828E8B}.Release|Any CPU.ActiveCfg = Release|Any CPU
		{1CDDD3D3-A55A-4010-89EE-C164F8828E8B}.Release|Any CPU.Build.0 = Release|Any CPU
		{1CDDD3D3-A55A-4010-89EE-C164F8828E8B}.Release|x64.ActiveCfg = Release|Any CPU
		{1CDDD3D3-A55A-4010-89EE-C164F8828E8B}.Release|x64.Build.0 = Release|Any CPU
		{1CDDD3D3-A55A-4010-89EE-C164F8828E8B}.Release|x86.ActiveCfg = Release|Any CPU
		{1CDDD3D3-A55A-4010-89EE-C164F8828E8B}.Release|x86.Build.0 = Release|Any CPU
	EndGlobalSection
	GlobalSection(SolutionProperties) = preSolution
		HideSolutionNode = FALSE
	EndGlobalSection
	GlobalSection(NestedProjects) = preSolution
		{042B0533-6AEA-4353-8723-CEFFFCB78398} = {4B33FA85-AAA6-4363-9C46-C5045A96E975}
		{78611D83-43E6-447B-814C-C73289AEDA30} = {4B33FA85-AAA6-4363-9C46-C5045A96E975}
		{850CFBD1-9BD7-447D-988B-2742F217DA00} = {4B33FA85-AAA6-4363-9C46-C5045A96E975}
		{546D2DEF-3AE8-4ED8-B11B-B1A71E96D04C} = {31102C89-C76C-48F9-B41A-8A9F84D07A94}
		{30F2CCBF-7C02-479D-8A1B-A88C9247A0AF} = {4B33FA85-AAA6-4363-9C46-C5045A96E975}
		{F6FC1D00-00F7-4EB9-891E-6551E476193D} = {4B33FA85-AAA6-4363-9C46-C5045A96E975}
		{A1E318CF-19B3-4E68-A816-A3F1E6E0527E} = {4B33FA85-AAA6-4363-9C46-C5045A96E975}
		{F093A645-7B08-4DAC-B0B0-470E9DEEF514} = {6CD97B24-3150-4200-A898-0682800AEA80}
		{D1EAA861-21B4-435B-A603-B6B2749A12AF} = {6CD97B24-3150-4200-A898-0682800AEA80}
		{E0B9BC54-ECFE-4D56-8735-D5F9BE8BDF6D} = {4B33FA85-AAA6-4363-9C46-C5045A96E975}
		{6BFCCBDF-F794-470D-B551-958D6BE86CC1} = {6CD97B24-3150-4200-A898-0682800AEA80}
		{E227D3D7-DAA7-43E0-A30B-3586CB618419} = {6BFCCBDF-F794-470D-B551-958D6BE86CC1}
		{AAFC186E-C01E-4EFD-9F0C-883CEB44651D} = {6BFCCBDF-F794-470D-B551-958D6BE86CC1}
		{F8117A33-8F16-4E83-B799-A5D02B1A29CC} = {4B33FA85-AAA6-4363-9C46-C5045A96E975}
		{FECF1F2E-2DD5-40FE-970E-B0F1BB8152E9} = {362965AC-ABE4-4037-82F3-D2A6AE0E25EF}
		{0C00F9F1-071A-4BA2-A320-5418FD6A94AF} = {362965AC-ABE4-4037-82F3-D2A6AE0E25EF}
		{76802FFA-12CF-41E3-836A-64270150D9F1} = {362965AC-ABE4-4037-82F3-D2A6AE0E25EF}
		{A7F9D6F0-AAA2-43DC-A220-E1E6CC9AAE4C} = {362965AC-ABE4-4037-82F3-D2A6AE0E25EF}
		{1CDDD3D3-A55A-4010-89EE-C164F8828E8B} = {362965AC-ABE4-4037-82F3-D2A6AE0E25EF}
		{5300B3C0-EAE3-4AA3-A9A4-6F2BAB6F45B7} = {362965AC-ABE4-4037-82F3-D2A6AE0E25EF}
		{24BAF393-4497-47F6-B882-3CE9C6DE865B} = {362965AC-ABE4-4037-82F3-D2A6AE0E25EF}
		{37283FEA-52D5-422B-B95D-80E15795C4DF} = {362965AC-ABE4-4037-82F3-D2A6AE0E25EF}
		{BC068682-A9F1-4FDA-929C-7753E352F76C} = {AD9F16D3-F1F3-46BD-B1CC-77C183112B6C}
		{49821B3A-F3A1-493A-9FC7-F2AE69CB0771} = {AD9F16D3-F1F3-46BD-B1CC-77C183112B6C}
	EndGlobalSection
EndGlobal
